
Microsoft Visual Studio Solution File, Format Version 12.00
# Visual Studio Version 17
VisualStudioVersion = 17.3.32825.248
MinimumVisualStudioVersion = 10.0.40219.1
Project("{9A19103F-16F7-4668-BE54-9A1E7A4F7556}") = "HR_Task.Models", "Models\HR_Task.Models.csproj", "{C0CF8585-F980-4CB0-B308-28E10AAC8C3D}"
EndProject
Project("{9A19103F-16F7-4668-BE54-9A1E7A4F7556}") = "HR_Task.Data", "Data\HR_Task.Data.csproj", "{4E8F2385-0071-4AAB-A86F-64BA4969D23D}"
EndProject
Project("{FAE04EC0-301F-11D3-BF4B-00C04F79EFBC}") = "HR_Task.Interfaces", "Interfaces\HR_Task.Interfaces.csproj", "{C65B800B-ABCD-49F8-9C32-2DF34E6B4FE9}"
EndProject
Project("{FAE04EC0-301F-11D3-BF4B-00C04F79EFBC}") = "HR_Task.Services", "Services\HR_Task.Services.csproj", "{56336542-03CE-4BEB-8658-EA55F89846EC}"
EndProject
Project("{9A19103F-16F7-4668-BE54-9A1E7A4F7556}") = "HR_Task.Domain", "Domain\HR_Task.Domain.csproj", "{38C7C68E-EDCD-46E5-B791-DA5723733E4E}"
EndProject
Global
	GlobalSection(SolutionConfigurationPlatforms) = preSolution
		Debug|Any CPU = Debug|Any CPU
		Release|Any CPU = Release|Any CPU
	EndGlobalSection
	GlobalSection(ProjectConfigurationPlatforms) = postSolution
		{C0CF8585-F980-4CB0-B308-28E10AAC8C3D}.Debug|Any CPU.ActiveCfg = Debug|Any CPU
		{C0CF8585-F980-4CB0-B308-28E10AAC8C3D}.Debug|Any CPU.Build.0 = Debug|Any CPU
		{C0CF8585-F980-4CB0-B308-28E10AAC8C3D}.Release|Any CPU.ActiveCfg = Release|Any CPU
		{C0CF8585-F980-4CB0-B308-28E10AAC8C3D}.Release|Any CPU.Build.0 = Release|Any CPU
		{4E8F2385-0071-4AAB-A86F-64BA4969D23D}.Debug|Any CPU.ActiveCfg = Debug|Any CPU
		{4E8F2385-0071-4AAB-A86F-64BA4969D23D}.Debug|Any CPU.Build.0 = Debug|Any CPU
		{4E8F2385-0071-4AAB-A86F-64BA4969D23D}.Release|Any CPU.ActiveCfg = Release|Any CPU
		{4E8F2385-0071-4AAB-A86F-64BA4969D23D}.Release|Any CPU.Build.0 = Release|Any CPU
		{C65B800B-ABCD-49F8-9C32-2DF34E6B4FE9}.Debug|Any CPU.ActiveCfg = Debug|Any CPU
		{C65B800B-ABCD-49F8-9C32-2DF34E6B4FE9}.Debug|Any CPU.Build.0 = Debug|Any CPU
		{C65B800B-ABCD-49F8-9C32-2DF34E6B4FE9}.Release|Any CPU.ActiveCfg = Release|Any CPU
		{C65B800B-ABCD-49F8-9C32-2DF34E6B4FE9}.Release|Any CPU.Build.0 = Release|Any CPU
		{56336542-03CE-4BEB-8658-EA55F89846EC}.Debug|Any CPU.ActiveCfg = Debug|Any CPU
		{56336542-03CE-4BEB-8658-EA55F89846EC}.Debug|Any CPU.Build.0 = Debug|Any CPU
		{56336542-03CE-4BEB-8658-EA55F89846EC}.Release|Any CPU.ActiveCfg = Release|Any CPU
		{56336542-03CE-4BEB-8658-EA55F89846EC}.Release|Any CPU.Build.0 = Release|Any CPU
		{38C7C68E-EDCD-46E5-B791-DA5723733E4E}.Debug|Any CPU.ActiveCfg = Debug|Any CPU
		{38C7C68E-EDCD-46E5-B791-DA5723733E4E}.Debug|Any CPU.Build.0 = Debug|Any CPU
		{38C7C68E-EDCD-46E5-B791-DA5723733E4E}.Release|Any CPU.ActiveCfg = Release|Any CPU
		{38C7C68E-EDCD-46E5-B791-DA5723733E4E}.Release|Any CPU.Build.0 = Release|Any CPU
	EndGlobalSection
	GlobalSection(SolutionProperties) = preSolution
		HideSolutionNode = FALSE
	EndGlobalSection
	GlobalSection(ExtensibilityGlobals) = postSolution
		SolutionGuid = {D112E0B6-7562-4572-863A-81979A0A5E9D}
	EndGlobalSection
EndGlobal
